{
  "name": "rsSchool",
  "version": "1.0.0",
  "lockfileVersion": 1,
  "requires": true,
  "dependencies": {
    "commander": {
      "version": "6.1.0",
      "resolved": "https://registry.npmjs.org/commander/-/commander-6.1.0.tgz",
      "integrity": "sha512-wl7PNrYWd2y5mp1OK/LhTlv8Ff4kQJQRXXAvF+uU/TPNiVJUxZLRYGj/B0y/lPGAVcSbJqH2Za/cvHmrPMC8mA=="
    },
    "js-cipher": {
      "version": "1.0.5",
      "resolved": "https://registry.npmjs.org/js-cipher/-/js-cipher-1.0.5.tgz",
      "integrity": "sha512-Zffnnlt83OamqcaGcZz4yuot2iM3S1zuxx1g3nbse3d1sJ6GGKL40mjRYAQStAgf6YfRqxABj8HDzHnM/WI8Sw=="
    }
  }
}
